<?xml version="1.0" encoding="UTF-8" standalone="yes" ?>
<CodeBlocks_project_file>
	<FileVersion major="1" minor="6" />
	<Project>
		<Option title="MultipleAPI_AvecBridge" />
		<Option pch_mode="2" />
		<Option compiler="gcc" />
		<Build>
			<Target title="Debug">
				<Option output="bin/Debug/MultipleAPI_AvecBridge" prefix_auto="1" extension_auto="1" />
				<Option object_output="obj/Debug/" />
				<Option type="1" />
				<Option compiler="gcc" />
				<Compiler>
					<Add option="-g" />
				</Compiler>
			</Target>
			<Target title="Release">
				<Option output="bin/Release/MultipleAPI_AvecBridge" prefix_auto="1" extension_auto="1" />
				<Option object_output="obj/Release/" />
				<Option type="1" />
				<Option compiler="gcc" />
				<Compiler>
					<Add option="-O2" />
				</Compiler>
				<Linker>
					<Add option="-s" />
				</Linker>
			</Target>
		</Build>
		<Compiler>
			<Add option="-Wall" />
			<Add option="-fexceptions" />
		</Compiler>
		<Unit filename="../APIs/API_1.cpp" />
		<Unit filename="../APIs/API_1.h" />
		<Unit filename="../APIs/API_2.cpp" />
		<Unit filename="../APIs/API_2.h" />
		<Unit filename="../APIs/API_3.cpp" />
		<Unit filename="../APIs/API_3.h" />
		<Unit filename="APIs_abstraction/API1_implementor.cpp" />
		<Unit filename="APIs_abstraction/API1_implementor.h" />
		<Unit filename="APIs_abstraction/API2_implementor.cpp" />
		<Unit filename="APIs_abstraction/API2_implementor.h" />
		<Unit filename="APIs_abstraction/API3_implementor.cpp" />
		<Unit filename="APIs_abstraction/API3_implementor.h" />
		<Unit filename="APIs_abstraction/APIs_implementor.cpp" />
		<Unit filename="APIs_abstraction/APIs_implementor.h" />
		<Unit filename="formes/circle.cpp" />
		<Unit filename="formes/circle.h" />
		<Unit filename="formes/hexagon.cpp" />
		<Unit filename="formes/hexagon.h" />
		<Unit filename="formes/rectangle.cpp" />
		<Unit filename="formes/rectangle.h" />
		<Unit filename="formes/shape.cpp" />
		<Unit filename="formes/shape.h" />
		<Unit filename="main.cpp" />
		<Extensions>
			<code_completion />
			<debugger />
		</Extensions>
	</Project>
</CodeBlocks_project_file>
